
Microsoft Visual Studio Solution File, Format Version 12.00
# Visual Studio 15
VisualStudioVersion = 15.0.27004.2002
MinimumVisualStudioVersion = 10.0.40219.1
Project("{8BC9CEB8-8B4A-11D0-8D11-00A0C91BC942}") = "Problem2-4-2_MaximumOfIntegers", "Problem2-4-2_MaximumOfIntegers\Problem2-4-2_MaximumOfIntegers.vcxproj", "{A0E2D248-35D5-4F7B-A45E-47651234C2FD}"
EndProject
Global
	GlobalSection(SolutionConfigurationPlatforms) = preSolution
		Debug|x64 = Debug|x64
		Debug|x86 = Debug|x86
		Release|x64 = Release|x64
		Release|x86 = Release|x86
	EndGlobalSection
	GlobalSection(ProjectConfigurationPlatforms) = postSolution
		{A0E2D248-35D5-4F7B-A45E-47651234C2FD}.Debug|x64.ActiveCfg = Debug|x64
		{A0E2D248-35D5-4F7B-A45E-47651234C2FD}.Debug|x64.Build.0 = Debug|x64
		{A0E2D248-35D5-4F7B-A45E-47651234C2FD}.Debug|x86.ActiveCfg = Debug|Win32
		{A0E2D248-35D5-4F7B-A45E-47651234C2FD}.Debug|x86.Build.0 = Debug|Win32
		{A0E2D248-35D5-4F7B-A45E-47651234C2FD}.Release|x64.ActiveCfg = Release|x64
		{A0E2D248-35D5-4F7B-A45E-47651234C2FD}.Release|x64.Build.0 = Release|x64
		{A0E2D248-35D5-4F7B-A45E-47651234C2FD}.Release|x86.ActiveCfg = Release|Win32
		{A0E2D248-35D5-4F7B-A45E-47651234C2FD}.Release|x86.Build.0 = Release|Win32
	EndGlobalSection
	GlobalSection(SolutionProperties) = preSolution
		HideSolutionNode = FALSE
	EndGlobalSection
	GlobalSection(ExtensibilityGlobals) = postSolution
		SolutionGuid = {3CB58FA4-C3E2-4E80-B410-D8E863D6E701}
	EndGlobalSection
EndGlobal
